# This file is automatically @generated by Wally.
# It is not intended for manual editing.
registry = "test"

[[package]]
name = "2jammers/profilestore"
version = "0.1.0"
dependencies = []

[[package]]
name = "inkbot01/cloverboyz"
version = "0.1.0"
dependencies = [["ProfileStore", "2jammers/profilestore@0.1.0"], ["ReplicaClient", "luminalabsgames/replicaclient@1.0.1"], ["ReplicaServer", "luminalabsgames/replicaserver@1.0.3"], ["ReplicaShared", "luminalabsgames/replicashared@1.0.0"]]

[[package]]
name = "luminalabsgames/replicaclient"
version = "1.0.1"
dependencies = [["ReplicaShared", "luminalabsgames/replicashared@1.0.0"]]

[[package]]
name = "luminalabsgames/replicaserver"
version = "1.0.3"
dependencies = [["ReplicaShared", "luminalabsgames/replicashared@1.0.0"]]

[[package]]
name = "luminalabsgames/replicashared"
version = "1.0.0"
dependencies = []
